
Microsoft Visual Studio Solution File, Format Version 12.00
# Visual Studio Version 17
VisualStudioVersion = 17.11.35222.181
MinimumVisualStudioVersion = 10.0.40219.1
Project("{2150E333-8FDC-42A3-9474-1A3956D46DE8}") = "Task0", "Task0", "{983179A7-0D8B-48EE-A79C-16BE81EA7D00}"
EndProject
Project("{9A19103F-16F7-4668-BE54-9A1E7A4F7556}") = "Tyuiu.KorolevES.Sprint1.Task0.V14", "Tyuiu.KorolevES.Sprint1.Task0.V14\Tyuiu.KorolevES.Sprint1.Task0.V14.csproj", "{E3D4556C-4F9E-4B14-92BA-207DF60B7E0C}"
EndProject
Project("{9A19103F-16F7-4668-BE54-9A1E7A4F7556}") = "Tyuiu.KorolevES.Sprint1.Task0.V14.Lib", "Tyuiu.KorolevES.Sprint1.Task0.V14.Lib\Tyuiu.KorolevES.Sprint1.Task0.V14.Lib.csproj", "{9C52C7D4-3CA3-42EA-A798-031FAB180E48}"
EndProject
Project("{9A19103F-16F7-4668-BE54-9A1E7A4F7556}") = "Tyuiu.KorolevES.Sprint1.Task0.V14.Test", "Tyuiu.KorolevES.Sprint1.Task0.V14.Test\Tyuiu.KorolevES.Sprint1.Task0.V14.Test.csproj", "{260D1AA1-4242-432F-83BC-F7CC90C60FDD}"
EndProject
Project("{2150E333-8FDC-42A3-9474-1A3956D46DE8}") = "Task1", "Task1", "{1EB84294-232A-4C0F-A6B6-31A855E251FD}"
EndProject
Project("{FAE04EC0-301F-11D3-BF4B-00C04F79EFBC}") = "Tyuiu.KorolevES.Sprint1.Task1.V12", "Tyuiu.KorolevES.Sprint1.Task1.V12\Tyuiu.KorolevES.Sprint1.Task1.V12.csproj", "{6843A4C4-31CF-48AF-B19E-728EBBADFB2D}"
EndProject
Project("{FAE04EC0-301F-11D3-BF4B-00C04F79EFBC}") = "Tyuiu.KorolevES.Sprint1.Task1.V12.Lib", "Tyuiu.KorolevES.Sprint1.Task1.V12.Lib\Tyuiu.KorolevES.Sprint1.Task1.V12.Lib.csproj", "{7F3CED4F-21C5-4833-9C44-C1692CD03A57}"
EndProject
Project("{FAE04EC0-301F-11D3-BF4B-00C04F79EFBC}") = "Tyuiu.KorolevES.Sprint1.Task1.V12.Test", "Tyuiu.KorolevES.Sprint1.Task1.V12.Test\Tyuiu.KorolevES.Sprint1.Task1.V12.Test.csproj", "{734EBCC5-BE86-4A06-BD12-E270E7594278}"
EndProject
Project("{2150E333-8FDC-42A3-9474-1A3956D46DE8}") = "Task2", "Task2", "{58A2E07D-3FB6-4EFA-AB88-5C1D30D59E35}"
EndProject
Project("{FAE04EC0-301F-11D3-BF4B-00C04F79EFBC}") = "Tyuiu.KorolevES.Sprint1.Task2.V23", "Tyuiu.KorolevES.Sprint1.Task2.V23\Tyuiu.KorolevES.Sprint1.Task2.V23.csproj", "{D78B956B-036B-4E5A-8A82-48A8493A1BC6}"
EndProject
Project("{FAE04EC0-301F-11D3-BF4B-00C04F79EFBC}") = "Tyuiu.KorolevES.Sprint1.Task2.V23.Lib", "Tyuiu.KorolevES.Sprint1.Task2.V23.Lib\Tyuiu.KorolevES.Sprint1.Task2.V23.Lib.csproj", "{24BF1C07-CAF1-4291-BBFE-BA6647BD9FDB}"
EndProject
Project("{FAE04EC0-301F-11D3-BF4B-00C04F79EFBC}") = "Tyuiu.KorolevES.Sprint1.Task2.V23.Test", "Tyuiu.KorolevES.Sprint1.Task2.V23.Test\Tyuiu.KorolevES.Sprint1.Task2.V23.Test.csproj", "{9A1BE5F1-44BC-4EBB-9D39-394558140463}"
EndProject
Global
	GlobalSection(SolutionConfigurationPlatforms) = preSolution
		Debug|Any CPU = Debug|Any CPU
		Release|Any CPU = Release|Any CPU
	EndGlobalSection
	GlobalSection(ProjectConfigurationPlatforms) = postSolution
		{E3D4556C-4F9E-4B14-92BA-207DF60B7E0C}.Debug|Any CPU.ActiveCfg = Debug|Any CPU
		{E3D4556C-4F9E-4B14-92BA-207DF60B7E0C}.Debug|Any CPU.Build.0 = Debug|Any CPU
		{E3D4556C-4F9E-4B14-92BA-207DF60B7E0C}.Release|Any CPU.ActiveCfg = Release|Any CPU
		{E3D4556C-4F9E-4B14-92BA-207DF60B7E0C}.Release|Any CPU.Build.0 = Release|Any CPU
		{9C52C7D4-3CA3-42EA-A798-031FAB180E48}.Debug|Any CPU.ActiveCfg = Debug|Any CPU
		{9C52C7D4-3CA3-42EA-A798-031FAB180E48}.Debug|Any CPU.Build.0 = Debug|Any CPU
		{9C52C7D4-3CA3-42EA-A798-031FAB180E48}.Release|Any CPU.ActiveCfg = Release|Any CPU
		{9C52C7D4-3CA3-42EA-A798-031FAB180E48}.Release|Any CPU.Build.0 = Release|Any CPU
		{260D1AA1-4242-432F-83BC-F7CC90C60FDD}.Debug|Any CPU.ActiveCfg = Debug|Any CPU
		{260D1AA1-4242-432F-83BC-F7CC90C60FDD}.Debug|Any CPU.Build.0 = Debug|Any CPU
		{260D1AA1-4242-432F-83BC-F7CC90C60FDD}.Release|Any CPU.ActiveCfg = Release|Any CPU
		{260D1AA1-4242-432F-83BC-F7CC90C60FDD}.Release|Any CPU.Build.0 = Release|Any CPU
		{6843A4C4-31CF-48AF-B19E-728EBBADFB2D}.Debug|Any CPU.ActiveCfg = Debug|Any CPU
		{6843A4C4-31CF-48AF-B19E-728EBBADFB2D}.Debug|Any CPU.Build.0 = Debug|Any CPU
		{6843A4C4-31CF-48AF-B19E-728EBBADFB2D}.Release|Any CPU.ActiveCfg = Release|Any CPU
		{6843A4C4-31CF-48AF-B19E-728EBBADFB2D}.Release|Any CPU.Build.0 = Release|Any CPU
		{7F3CED4F-21C5-4833-9C44-C1692CD03A57}.Debug|Any CPU.ActiveCfg = Debug|Any CPU
		{7F3CED4F-21C5-4833-9C44-C1692CD03A57}.Debug|Any CPU.Build.0 = Debug|Any CPU
		{7F3CED4F-21C5-4833-9C44-C1692CD03A57}.Release|Any CPU.ActiveCfg = Release|Any CPU
		{7F3CED4F-21C5-4833-9C44-C1692CD03A57}.Release|Any CPU.Build.0 = Release|Any CPU
		{734EBCC5-BE86-4A06-BD12-E270E7594278}.Debug|Any CPU.ActiveCfg = Debug|Any CPU
		{734EBCC5-BE86-4A06-BD12-E270E7594278}.Debug|Any CPU.Build.0 = Debug|Any CPU
		{734EBCC5-BE86-4A06-BD12-E270E7594278}.Release|Any CPU.ActiveCfg = Release|Any CPU
		{734EBCC5-BE86-4A06-BD12-E270E7594278}.Release|Any CPU.Build.0 = Release|Any CPU
		{D78B956B-036B-4E5A-8A82-48A8493A1BC6}.Debug|Any CPU.ActiveCfg = Debug|Any CPU
		{D78B956B-036B-4E5A-8A82-48A8493A1BC6}.Debug|Any CPU.Build.0 = Debug|Any CPU
		{D78B956B-036B-4E5A-8A82-48A8493A1BC6}.Release|Any CPU.ActiveCfg = Release|Any CPU
		{D78B956B-036B-4E5A-8A82-48A8493A1BC6}.Release|Any CPU.Build.0 = Release|Any CPU
		{24BF1C07-CAF1-4291-BBFE-BA6647BD9FDB}.Debug|Any CPU.ActiveCfg = Debug|Any CPU
		{24BF1C07-CAF1-4291-BBFE-BA6647BD9FDB}.Debug|Any CPU.Build.0 = Debug|Any CPU
		{24BF1C07-CAF1-4291-BBFE-BA6647BD9FDB}.Release|Any CPU.ActiveCfg = Release|Any CPU
		{24BF1C07-CAF1-4291-BBFE-BA6647BD9FDB}.Release|Any CPU.Build.0 = Release|Any CPU
		{9A1BE5F1-44BC-4EBB-9D39-394558140463}.Debug|Any CPU.ActiveCfg = Debug|Any CPU
		{9A1BE5F1-44BC-4EBB-9D39-394558140463}.Debug|Any CPU.Build.0 = Debug|Any CPU
		{9A1BE5F1-44BC-4EBB-9D39-394558140463}.Release|Any CPU.ActiveCfg = Release|Any CPU
		{9A1BE5F1-44BC-4EBB-9D39-394558140463}.Release|Any CPU.Build.0 = Release|Any CPU
	EndGlobalSection
	GlobalSection(SolutionProperties) = preSolution
		HideSolutionNode = FALSE
	EndGlobalSection
	GlobalSection(NestedProjects) = preSolution
		{E3D4556C-4F9E-4B14-92BA-207DF60B7E0C} = {983179A7-0D8B-48EE-A79C-16BE81EA7D00}
		{9C52C7D4-3CA3-42EA-A798-031FAB180E48} = {983179A7-0D8B-48EE-A79C-16BE81EA7D00}
		{260D1AA1-4242-432F-83BC-F7CC90C60FDD} = {983179A7-0D8B-48EE-A79C-16BE81EA7D00}
		{6843A4C4-31CF-48AF-B19E-728EBBADFB2D} = {1EB84294-232A-4C0F-A6B6-31A855E251FD}
		{7F3CED4F-21C5-4833-9C44-C1692CD03A57} = {1EB84294-232A-4C0F-A6B6-31A855E251FD}
		{734EBCC5-BE86-4A06-BD12-E270E7594278} = {1EB84294-232A-4C0F-A6B6-31A855E251FD}
		{D78B956B-036B-4E5A-8A82-48A8493A1BC6} = {58A2E07D-3FB6-4EFA-AB88-5C1D30D59E35}
		{24BF1C07-CAF1-4291-BBFE-BA6647BD9FDB} = {58A2E07D-3FB6-4EFA-AB88-5C1D30D59E35}
		{9A1BE5F1-44BC-4EBB-9D39-394558140463} = {58A2E07D-3FB6-4EFA-AB88-5C1D30D59E35}
	EndGlobalSection
	GlobalSection(ExtensibilityGlobals) = postSolution
		SolutionGuid = {86B1AC79-6221-4880-9DAE-5B5E9BD68015}
	EndGlobalSection
EndGlobal
